// !$*UTF8*$!
{
	archiveVersion = 1;
	classes = {
	};
	objectVersion = 50;
	objects = {

/* Begin PBXBuildFile section */
		C289730721CCAC6A00F1E31C /* OSAKit.framework in Frameworks */ = {isa = PBXBuildFile; fileRef = C289730621CCAC6A00F1E31C /* OSAKit.framework */; };
		C2CBA8192127024200D1B86E /* migrationhelper.m in Sources */ = {isa = PBXBuildFile; fileRef = C2CBA8182127024200D1B86E /* migrationhelper.m */; };
		C2CBA81C2127027200D1B86E /* SystemMigration.framework in Frameworks */ = {isa = PBXBuildFile; fileRef = C2CBA81B2127027200D1B86E /* SystemMigration.framework */; };
		C2CBA81E2127028500D1B86E /* Python.framework in Frameworks */ = {isa = PBXBuildFile; fileRef = C2CBA81D2127028500D1B86E /* Python.framework */; };
/* End PBXBuildFile section */

/* Begin PBXFileReference section */
		C289730621CCAC6A00F1E31C /* OSAKit.framework */ = {isa = PBXFileReference; lastKnownFileType = wrapper.framework; name = OSAKit.framework; path = System/Library/Frameworks/OSAKit.framework; sourceTree = SDKROOT; };
		C2CBA80F2127020B00D1B86E /* MigrationPayload.bundle */ = {isa = PBXFileReference; explicitFileType = wrapper.cfbundle; includeInIndex = 0; path = MigrationPayload.bundle; sourceTree = BUILT_PRODUCTS_DIR; };
		C2CBA8122127020B00D1B86E /* Info.plist */ = {isa = PBXFileReference; lastKnownFileType = text.plist.xml; path = Info.plist; sourceTree = "<group>"; };
		C2CBA8182127024200D1B86E /* migrationhelper.m */ = {isa = PBXFileReference; lastKnownFileType = sourcecode.c.objc; path = migrationhelper.m; sourceTree = "<group>"; };
		C2CBA81B2127027200D1B86E /* SystemMigration.framework */ = {isa = PBXFileReference; lastKnownFileType = wrapper.framework; name = SystemMigration.framework; path = ../../../../../System/Library/PrivateFrameworks/SystemMigration.framework; sourceTree = "<group>"; };
		C2CBA81D2127028500D1B86E /* Python.framework */ = {isa = PBXFileReference; lastKnownFileType = wrapper.framework; name = Python.framework; path = System/Library/Frameworks/Python.framework; sourceTree = SDKROOT; };
/* End PBXFileReference section */

/* Begin PBXFrameworksBuildPhase section */
		C2CBA80C2127020B00D1B86E /* Frameworks */ = {
			isa = PBXFrameworksBuildPhase;
			buildActionMask = 2147483647;
			files = (
				C289730721CCAC6A00F1E31C /* OSAKit.framework in Frameworks */,
				C2CBA81E2127028500D1B86E /* Python.framework in Frameworks */,
				C2CBA81C2127027200D1B86E /* SystemMigration.framework in Frameworks */,
			);
			runOnlyForDeploymentPostprocessing = 0;
		};
/* End PBXFrameworksBuildPhase section */

/* Begin PBXGroup section */
		C2CBA8062127020B00D1B86E = {
			isa = PBXGroup;
			children = (
				C2CBA8112127020B00D1B86E /* MigrationPayload */,
				C2CBA8102127020B00D1B86E /* Products */,
				C2CBA81A2127027200D1B86E /* Frameworks */,
			);
			sourceTree = "<group>";
		};
		C2CBA8102127020B00D1B86E /* Products */ = {
			isa = PBXGroup;
			children = (
				C2CBA80F2127020B00D1B86E /* MigrationPayload.bundle */,
			);
			name = Products;
			sourceTree = "<group>";
		};
		C2CBA8112127020B00D1B86E /* MigrationPayload */ = {
			isa = PBXGroup;
			children = (
				C2CBA8122127020B00D1B86E /* Info.plist */,
				C2CBA8182127024200D1B86E /* migrationhelper.m */,
			);
			path = MigrationPayload;
			sourceTree = "<group>";
		};
		C2CBA81A2127027200D1B86E /* Frameworks */ = {
			isa = PBXGroup;
			children = (
				C289730621CCAC6A00F1E31C /* OSAKit.framework */,
				C2CBA81D2127028500D1B86E /* Python.framework */,
				C2CBA81B2127027200D1B86E /* SystemMigration.framework */,
			);
			name = Frameworks;
			sourceTree = "<group>";
		};
/* End PBXGroup section */

/* Begin PBXNativeTarget section */
		C2CBA80E2127020B00D1B86E /* MigrationPayload */ = {
			isa = PBXNativeTarget;
			buildConfigurationList = C2CBA8152127020B00D1B86E /* Build configuration list for PBXNativeTarget "MigrationPayload" */;
			buildPhases = (
				C2CBA80B2127020B00D1B86E /* Sources */,
				C2CBA80C2127020B00D1B86E /* Frameworks */,
				C2CBA80D2127020B00D1B86E /* Resources */,
			);
			buildRules = (
			);
			dependencies = (
			);
			name = MigrationPayload;
			productName = MigrationPayload;
			productReference = C2CBA80F2127020B00D1B86E /* MigrationPayload.bundle */;
			productType = "com.apple.product-type.bundle";
		};
/* End PBXNativeTarget section */

/* Begin PBXProject section */
		C2CBA8072127020B00D1B86E /* Project object */ = {
			isa = PBXProject;
			attributes = {
				LastUpgradeCheck = 0940;
				ORGANIZATIONNAME = Microsoft;
				TargetAttributes = {
					C2CBA80E2127020B00D1B86E = {
						CreatedOnToolsVersion = 9.4;
					};
				};
			};
			buildConfigurationList = C2CBA80A2127020B00D1B86E /* Build configuration list for PBXProject "MigrationPayload" */;
			compatibilityVersion = "Xcode 9.3";
			developmentRegion = en;
			hasScannedForEncodings = 0;
			knownRegions = (
				en,
			);
			mainGroup = C2CBA8062127020B00D1B86E;
			productRefGroup = C2CBA8102127020B00D1B86E /* Products */;
			projectDirPath = "";
			projectRoot = "";
			targets = (
				C2CBA80E2127020B00D1B86E /* MigrationPayload */,
			);
		};
/* End PBXProject section */

/* Begin PBXResourcesBuildPhase section */
		C2CBA80D2127020B00D1B86E /* Resources */ = {
			isa = PBXResourcesBuildPhase;
			buildActionMask = 2147483647;
			files = (
			);
			runOnlyForDeploymentPostprocessing = 0;
		};
/* End PBXResourcesBuildPhase section */

/* Begin PBXSourcesBuildPhase section */
		C2CBA80B2127020B00D1B86E /* Sources */ = {
			isa = PBXSourcesBuildPhase;
			buildActionMask = 2147483647;
			files = (
				C2CBA8192127024200D1B86E /* migrationhelper.m in Sources */,
			);
			runOnlyForDeploymentPostprocessing = 0;
		};
/* End PBXSourcesBuildPhase section */

/* Begin XCBuildConfiguration section */
		C2CBA8132127020B00D1B86E /* Debug */ = {
			isa = XCBuildConfiguration;
			buildSettings = {
				ALWAYS_SEARCH_USER_PATHS = NO;
				CLANG_ANALYZER_NONNULL = YES;
				CLANG_ANALYZER_NUMBER_OBJECT_CONVERSION = YES_AGGRESSIVE;
				CLANG_CXX_LANGUAGE_STANDARD = "gnu++14";
				CLANG_CXX_LIBRARY = "libc++";
				CLANG_ENABLE_MODULES = YES;
				CLANG_ENABLE_OBJC_ARC = YES;
				CLANG_ENABLE_OBJC_WEAK = YES;
				CLANG_WARN_BLOCK_CAPTURE_AUTORELEASING = YES;
				CLANG_WARN_BOOL_CONVERSION = YES;
				CLANG_WARN_COMMA = YES;
				CLANG_WARN_CONSTANT_CONVERSION = YES;
				CLANG_WARN_DEPRECATED_OBJC_IMPLEMENTATIONS = YES;
				CLANG_WARN_DIRECT_OBJC_ISA_USAGE = YES_ERROR;
				CLANG_WARN_DOCUMENTATION_COMMENTS = YES;
				CLANG_WARN_EMPTY_BODY = YES;
				CLANG_WARN_ENUM_CONVERSION = YES;
				CLANG_WARN_INFINITE_RECURSION = YES;
				CLANG_WARN_INT_CONVERSION = YES;
				CLANG_WARN_NON_LITERAL_NULL_CONVERSION = YES;
				CLANG_WARN_OBJC_IMPLICIT_RETAIN_SELF = YES;
				CLANG_WARN_OBJC_LITERAL_CONVERSION = YES;
				CLANG_WARN_OBJC_ROOT_CLASS = YES_ERROR;
				CLANG_WARN_RANGE_LOOP_ANALYSIS = YES;
				CLANG_WARN_STRICT_PROTOTYPES = YES;
				CLANG_WARN_SUSPICIOUS_MOVE = YES;
				CLANG_WARN_UNGUARDED_AVAILABILITY = YES_AGGRESSIVE;
				CLANG_WARN_UNREACHABLE_CODE = YES;
				CLANG_WARN__DUPLICATE_METHOD_MATCH = YES;
				CODE_SIGN_IDENTITY = "-";
				COPY_PHASE_STRIP = NO;
				DEBUG_INFORMATION_FORMAT = dwarf;
				ENABLE_STRICT_OBJC_MSGSEND = YES;
				ENABLE_TESTABILITY = YES;
				GCC_C_LANGUAGE_STANDARD = gnu11;
				GCC_DYNAMIC_NO_PIC = NO;
				GCC_NO_COMMON_BLOCKS = YES;
				GCC_OPTIMIZATION_LEVEL = 0;
				GCC_PREPROCESSOR_DEFINITIONS = (
					"DEBUG=1",
					"$(inherited)",
				);
				GCC_WARN_64_TO_32_BIT_CONVERSION = YES;
				GCC_WARN_ABOUT_RETURN_TYPE = YES_ERROR;
				GCC_WARN_UNDECLARED_SELECTOR = YES;
				GCC_WARN_UNINITIALIZED_AUTOS = YES_AGGRESSIVE;
				GCC_WARN_UNUSED_FUNCTION = YES;
				GCC_WARN_UNUSED_VARIABLE = YES;
				MACOSX_DEPLOYMENT_TARGET = 10.13;
				MTL_ENABLE_DEBUG_INFO = YES;
				ONLY_ACTIVE_ARCH = YES;
				SDKROOT = macosx;
			};
			name = Debug;
		};
		C2CBA8142127020B00D1B86E /* Release */ = {
			isa = XCBuildConfiguration;
			buildSettings = {
				ALWAYS_SEARCH_USER_PATHS = NO;
				CLANG_ANALYZER_NONNULL = YES;
				CLANG_ANALYZER_NUMBER_OBJECT_CONVERSION = YES_AGGRESSIVE;
				CLANG_CXX_LANGUAGE_STANDARD = "gnu++14";
				CLANG_CXX_LIBRARY = "libc++";
				CLANG_ENABLE_MODULES = YES;
				CLANG_ENABLE_OBJC_ARC = YES;
				CLANG_ENABLE_OBJC_WEAK = YES;
				CLANG_WARN_BLOCK_CAPTURE_AUTORELEASING = YES;
				CLANG_WARN_BOOL_CONVERSION = YES;
				CLANG_WARN_COMMA = YES;
				CLANG_WARN_CONSTANT_CONVERSION = YES;
				CLANG_WARN_DEPRECATED_OBJC_IMPLEMENTATIONS = YES;
				CLANG_WARN_DIRECT_OBJC_ISA_USAGE = YES_ERROR;
				CLANG_WARN_DOCUMENTATION_COMMENTS = YES;
				CLANG_WARN_EMPTY_BODY = YES;
				CLANG_WARN_ENUM_CONVERSION = YES;
				CLANG_WARN_INFINITE_RECURSION = YES;
				CLANG_WARN_INT_CONVERSION = YES;
				CLANG_WARN_NON_LITERAL_NULL_CONVERSION = YES;
				CLANG_WARN_OBJC_IMPLICIT_RETAIN_SELF = YES;
				CLANG_WARN_OBJC_LITERAL_CONVERSION = YES;
				CLANG_WARN_OBJC_ROOT_CLASS = YES_ERROR;
				CLANG_WARN_RANGE_LOOP_ANALYSIS = YES;
				CLANG_WARN_STRICT_PROTOTYPES = YES;
				CLANG_WARN_SUSPICIOUS_MOVE = YES;
				CLANG_WARN_UNGUARDED_AVAILABILITY = YES_AGGRESSIVE;
				CLANG_WARN_UNREACHABLE_CODE = YES;
				CLANG_WARN__DUPLICATE_METHOD_MATCH = YES;
				CODE_SIGN_IDENTITY = "-";
				COPY_PHASE_STRIP = NO;
				DEBUG_INFORMATION_FORMAT = "dwarf-with-dsym";
				ENABLE_NS_ASSERTIONS = NO;
				ENABLE_STRICT_OBJC_MSGSEND = YES;
				GCC_C_LANGUAGE_STANDARD = gnu11;
				GCC_NO_COMMON_BLOCKS = YES;
				GCC_WARN_64_TO_32_BIT_CONVERSION = YES;
				GCC_WARN_ABOUT_RETURN_TYPE = YES_ERROR;
				GCC_WARN_UNDECLARED_SELECTOR = YES;
				GCC_WARN_UNINITIALIZED_AUTOS = YES_AGGRESSIVE;
				GCC_WARN_UNUSED_FUNCTION = YES;
				GCC_WARN_UNUSED_VARIABLE = YES;
				MACOSX_DEPLOYMENT_TARGET = 10.13;
				MTL_ENABLE_DEBUG_INFO = NO;
				SDKROOT = macosx;
			};
			name = Release;
		};
		C2CBA8162127020B00D1B86E /* Debug */ = {
			isa = XCBuildConfiguration;
			buildSettings = {
				CODE_SIGN_STYLE = Automatic;
				COMBINE_HIDPI_IMAGES = YES;
				INFOPLIST_FILE = MigrationPayload/Info.plist;
				INSTALL_PATH = "$(LOCAL_LIBRARY_DIR)/Bundles";
				PRODUCT_BUNDLE_IDENTIFIER = com.microsoft.MigrationPayload;
				PRODUCT_NAME = "$(TARGET_NAME)";
				SKIP_INSTALL = YES;
				SYSTEM_FRAMEWORK_SEARCH_PATHS = (
					"$(inherited)",
					"$(SYSTEM_LIBRARY_DIR)/PrivateFrameworks",
				);
				WRAPPER_EXTENSION = bundle;
			};
			name = Debug;
		};
		C2CBA8172127020B00D1B86E /* Release */ = {
			isa = XCBuildConfiguration;
			buildSettings = {
				CODE_SIGN_STYLE = Automatic;
				COMBINE_HIDPI_IMAGES = YES;
				INFOPLIST_FILE = MigrationPayload/Info.plist;
				INSTALL_PATH = "$(LOCAL_LIBRARY_DIR)/Bundles";
				PRODUCT_BUNDLE_IDENTIFIER = com.microsoft.MigrationPayload;
				PRODUCT_NAME = "$(TARGET_NAME)";
				SKIP_INSTALL = YES;
				SYSTEM_FRAMEWORK_SEARCH_PATHS = (
					"$(inherited)",
					"$(SYSTEM_LIBRARY_DIR)/PrivateFrameworks",
				);
				WRAPPER_EXTENSION = bundle;
			};
			name = Release;
		};
/* End XCBuildConfiguration section */

/* Begin XCConfigurationList section */
		C2CBA80A2127020B00D1B86E /* Build configuration list for PBXProject "MigrationPayload" */ = {
			isa = XCConfigurationList;
			buildConfigurations = (
				C2CBA8132127020B00D1B86E /* Debug */,
				C2CBA8142127020B00D1B86E /* Release */,
			);
			defaultConfigurationIsVisible = 0;
			defaultConfigurationName = Release;
		};
		C2CBA8152127020B00D1B86E /* Build configuration list for PBXNativeTarget "MigrationPayload" */ = {
			isa = XCConfigurationList;
			buildConfigurations = (
				C2CBA8162127020B00D1B86E /* Debug */,
				C2CBA8172127020B00D1B86E /* Release */,
			);
			defaultConfigurationIsVisible = 0;
			defaultConfigurationName = Release;
		};
/* End XCConfigurationList section */
	};
	rootObject = C2CBA8072127020B00D1B86E /* Project object */;
}
